{
  "nodes": {
    "devenv": {
      "locked": {
        "dir": "src/modules",
        "lastModified": 1778705847,
        "narHash": "sha256-EQnZCy7r4VMO6KDoytxHBa0mFbM1D9g1kaDfs/s0YZA=",
        "ref": "refs/tags/v2.1.2",
        "rev": "ea3d94ac9d6bf6a1313773170122ca4e2ef5a0be",
        "revCount": 6569,
        "type": "git",
        "url": "https://github.com/cachix/devenv"
      },
      "original": {
        "dir": "src/modules",
        "ref": "refs/tags/v2.1.2",
        "type": "git",
        "url": "https://github.com/cachix/devenv"
      }
    },
    "nixpkgs": {
      "locked": {
        "lastModified": 1789542786,
        "narHash": "sha256-ajQuqcxnj6RYnwCjA/9FTCnrdR2+BDzstE8UembXf60=",
        "ref": "nixos-26.05",
        "rev": "4c7870105e7f1fdf9c48688c8d7efc21abf0688a",
        "shallow": true,
        "type": "git",
        "url": "https://github.com/NixOS/nixpkgs"
      },
      "original": {
        "ref": "nixos-26.05",
        "shallow": true,
        "type": "git",
        "url": "https://github.com/NixOS/nixpkgs"
      }
    },
    "root": {
      "inputs": {
        "devenv": "devenv",
        "nixpkgs": "nixpkgs"
      }
    }
  },
  "root": "root",
  "version": 7
}